
Microsoft Visual Studio Solution File, Format Version 12.00
# Visual Studio 2012
Project("{FAE04EC0-301F-11D3-BF4B-00C04F79EFBC}") = "upload", "upload\upload.csproj", "{578F7BD4-EB83-4F57-9F9E-5E074634E5D5}"
EndProject
Global
	GlobalSection(SolutionConfigurationPlatforms) = preSolution
		Debug|x86 = Debug|x86
		Release|x86 = Release|x86
	EndGlobalSection
	GlobalSection(ProjectConfigurationPlatforms) = postSolution
		{578F7BD4-EB83-4F57-9F9E-5E074634E5D5}.Debug|x86.ActiveCfg = Debug|x86
		{578F7BD4-EB83-4F57-9F9E-5E074634E5D5}.Debug|x86.Build.0 = Debug|x86
		{578F7BD4-EB83-4F57-9F9E-5E074634E5D5}.Release|x86.ActiveCfg = Release|x86
		{578F7BD4-EB83-4F57-9F9E-5E074634E5D5}.Release|x86.Build.0 = Release|x86
	EndGlobalSection
EndGlobal
